{
  "originHash" : "6851e4a742f13090d03d6b9709d2cb1b01b9391723d72c3c3e1e04833ce6e00c",
  "pins" : [
    {
      "identity" : "cocoaasyncsocket",
      "kind" : "remoteSourceControl",
      "location" : "https://github.com/robbiehanson/CocoaAsyncSocket",
      "state" : {
        "revision" : "dbdc00669c1ced63b27c3c5f052ee4d28f10150c",
        "version" : "7.6.5"
      }
    },
    {
      "identity" : "connectivity",
      "kind" : "remoteSourceControl",
      "location" : "https://github.com/rwbutler/connectivity",
      "state" : {
        "revision" : "baf392cd229138c268e5dbaf3ee84e6ae0876173",
        "version" : "6.1.1"
      }
    },
    {
      "identity" : "logger",
      "kind" : "remoteSourceControl",
      "location" : "https://github.com/heestand-xyz/Logger",
      "state" : {
        "revision" : "8553f58e72b83598acc28d4ea93b1dc992c71067",
        "version" : "0.3.1"
      }
    },
    {
      "identity" : "osckit",
      "kind" : "remoteSourceControl",
      "location" : "https://github.com/orchetect/OSCKit",
      "state" : {
        "revision" : "2c6b5820d8f8e4d4c303493e29b5a089fa4b874a",
        "version" : "1.2.1"
      }
    },
    {
      "identity" : "osctools2",
      "kind" : "remoteSourceControl",
      "location" : "https://github.com/heestand-xyz/OSCTools2",
      "state" : {
        "revision" : "9d2b557ed2661bf5c19db6710e88be0ad85cb42c",
        "version" : "2.3.0"
      }
    },
    {
      "identity" : "swift-collections",
      "kind" : "remoteSourceControl",
      "location" : "https://github.com/apple/swift-collections.git",
      "state" : {
        "revision" : "48254824bb4248676bf7ce56014ff57b142b77eb",
        "version" : "1.0.2"
      }
    },
    {
      "identity" : "swiftascii",
      "kind" : "remoteSourceControl",
      "location" : "https://github.com/orchetect/SwiftASCII",
      "state" : {
        "revision" : "9708885ab4c3e6015f5b7b3d546afedd5afc320f",
        "version" : "1.1.5"
      }
    },
    {
      "identity" : "swiftui-introspect",
      "kind" : "remoteSourceControl",
      "location" : "https://github.com/siteline/SwiftUI-Introspect",
      "state" : {
        "revision" : "f2616860a41f9d9932da412a8978fec79c06fe24",
        "version" : "0.1.4"
      }
    },
    {
      "identity" : "swiftuiosc",
      "kind" : "remoteSourceControl",
      "location" : "https://github.com/heestand-xyz/SwiftUIOSC",
      "state" : {
        "branch" : "main",
        "revision" : "13cde466883414268c8759a935d0bd19b6b8e1ae"
      }
    }
  ],
  "version" : 3
}
